
Microsoft Visual Studio Solution File, Format Version 12.00
# Visual Studio 15
VisualStudioVersion = 15.0.28307.168
MinimumVisualStudioVersion = 10.0.40219.1
Project("{FAE04EC0-301F-11D3-BF4B-00C04F79EFBC}") = "Pratica2Restaurante", "Pratica2Restaurante\Pratica2Restaurante.csproj", "{7A4A7099-1AE5-42EC-A473-86B844E637EB}"
EndProject
Global
	GlobalSection(SolutionConfigurationPlatforms) = preSolution
		Debug|Any CPU = Debug|Any CPU
		Release|Any CPU = Release|Any CPU
	EndGlobalSection
	GlobalSection(ProjectConfigurationPlatforms) = postSolution
		{7A4A7099-1AE5-42EC-A473-86B844E637EB}.Debug|Any CPU.ActiveCfg = Debug|Any CPU
		{7A4A7099-1AE5-42EC-A473-86B844E637EB}.Debug|Any CPU.Build.0 = Debug|Any CPU
		{7A4A7099-1AE5-42EC-A473-86B844E637EB}.Release|Any CPU.ActiveCfg = Release|Any CPU
		{7A4A7099-1AE5-42EC-A473-86B844E637EB}.Release|Any CPU.Build.0 = Release|Any CPU
	EndGlobalSection
	GlobalSection(SolutionProperties) = preSolution
		HideSolutionNode = FALSE
	EndGlobalSection
	GlobalSection(ExtensibilityGlobals) = postSolution
		SolutionGuid = {666F2E93-23CB-4F6C-8CE8-5F80F4E25F0A}
	EndGlobalSection
EndGlobal
